# This file is automatically @generated by Cargo.
# It is not intended for manual editing.
version = 3

[[package]]
name = "abibool"
version = "0.5.1"
source = "registry+https://github.com/rust-lang/crates.io-index"
checksum = "508fe1024f8527bfcd67919e7e754e71b5431d2e422b3ee80992d275228db0c7"

[[package]]
name = "abistr"
version = "0.1.1"
source = "registry+https://github.com/rust-lang/crates.io-index"
checksum = "295d27671f550749195982685127b0d8a05b57de8143434ddd05594cd6a61223"
dependencies = [
 "abistr-macros",
]

[[package]]
name = "abistr-macros"
version = "0.1.0"
source = "registry+https://github.com/rust-lang/crates.io-index"
checksum = "78b449594dc1467a3721120c9f6989ec290f8d677201c07bab1c777d672a3e54"

[[package]]
name = "alphanumeric-sort"
version = "1.4.0"
source = "registry+https://github.com/rust-lang/crates.io-index"
checksum = "e0e75706f4ee4c69aaa277f73a7a6ad60222193938d4266b929aacd17ebb29b9"

[[package]]
name = "base64"
version = "0.13.0"
source = "registry+https://github.com/rust-lang/crates.io-index"
checksum = "904dfeac50f3cdaba28fc6f57fdcddb75f49ed61346676a78c4ffe55877802fd"

[[package]]
name = "lazy_static"
version = "1.4.0"
source = "registry+https://github.com/rust-lang/crates.io-index"
checksum = "e2abad23fbc42b3700f2f279844dc832adb2b2eb069b2df918f455c4e18cc646"

[[package]]
name = "maulingmonkey-windows-sdk-scanner"
version = "0.0.0-unsound.4"
source = "git+https://github.com/MaulingMonkey/windows-sdk-scanner#9687a8b305a259b8217d264e1760607bdb4bd6f0"
dependencies = [
 "abibool",
 "abistr",
 "mmrbi",
]

[[package]]
name = "mmrbi"
version = "0.0.17"
source = "registry+https://github.com/rust-lang/crates.io-index"
checksum = "4a842a3e81185ddb8194afc1987c809cf96771b34b2b882120741f106efcd509"
dependencies = [
 "alphanumeric-sort",
]

[[package]]
name = "xtask"
version = "0.0.0"
dependencies = [
 "base64",
 "lazy_static",
 "maulingmonkey-windows-sdk-scanner",
 "mmrbi",
]
