# This file is automatically @generated by Cargo.
# It is not intended for manual editing.
version = 3

[[package]]
name = "abibool"
version = "0.5.1"
source = "registry+https://github.com/rust-lang/crates.io-index"
checksum = "508fe1024f8527bfcd67919e7e754e71b5431d2e422b3ee80992d275228db0c7"

[[package]]
name = "abistr"
version = "0.1.1"
source = "registry+https://github.com/rust-lang/crates.io-index"
checksum = "295d27671f550749195982685127b0d8a05b57de8143434ddd05594cd6a61223"
dependencies = [
 "abistr-macros",
]

[[package]]
name = "abistr-macros"
version = "0.1.0"
source = "registry+https://github.com/rust-lang/crates.io-index"
checksum = "78b449594dc1467a3721120c9f6989ec290f8d677201c07bab1c777d672a3e54"

[[package]]
name = "alphanumeric-sort"
version = "1.4.0"
source = "registry+https://github.com/rust-lang/crates.io-index"
checksum = "e0e75706f4ee4c69aaa277f73a7a6ad60222193938d4266b929aacd17ebb29b9"

[[package]]
name = "base64"
version = "0.13.0"
source = "registry+https://github.com/rust-lang/crates.io-index"
checksum = "904dfeac50f3cdaba28fc6f57fdcddb75f49ed61346676a78c4ffe55877802fd"

[[package]]
name = "lazy_static"
version = "1.4.0"
source = "registry+https://github.com/rust-lang/crates.io-index"
checksum = "e2abad23fbc42b3700f2f279844dc832adb2b2eb069b2df918f455c4e18cc646"

[[package]]
name = "maulingmonkey-windows-sdk-scanner"
version = "0.0.0-git"
source = "git+https://github.com/MaulingMonkey/windows-sdk-scanner#d81e08e9df6a7fc7de2fea3a2a020717f1bddd68"
dependencies = [
 "abibool",
 "abistr",
 "mmrbi 0.0.17",
]

[[package]]
name = "mmrbi"
version = "0.0.17"
source = "registry+https://github.com/rust-lang/crates.io-index"
checksum = "4a842a3e81185ddb8194afc1987c809cf96771b34b2b882120741f106efcd509"
dependencies = [
 "alphanumeric-sort",
]

[[package]]
name = "mmrbi"
version = "0.0.19"
source = "registry+https://github.com/rust-lang/crates.io-index"
checksum = "058c8fa8016094e210ded0db786a733399f5a1a41ba28ea792ea544e807dd905"
dependencies = [
 "alphanumeric-sort",
 "lazy_static",
]

[[package]]
name = "proc-macro2"
version = "1.0.36"
source = "registry+https://github.com/rust-lang/crates.io-index"
checksum = "c7342d5883fbccae1cc37a2353b09c87c9b0f3afd73f5fb9bba687a1f733b029"
dependencies = [
 "unicode-xid",
]

[[package]]
name = "quote"
version = "1.0.15"
source = "registry+https://github.com/rust-lang/crates.io-index"
checksum = "864d3e96a899863136fc6e99f3d7cae289dafe43bf2c5ac19b70df7210c0a145"
dependencies = [
 "proc-macro2",
]

[[package]]
name = "rustc-demangle"
version = "0.1.21"
source = "registry+https://github.com/rust-lang/crates.io-index"
checksum = "7ef03e0a2b150c7a90d01faf6254c9c48a41e95fb2a8c2ac1c6f0d2b9aefc342"

[[package]]
name = "syn"
version = "1.0.86"
source = "registry+https://github.com/rust-lang/crates.io-index"
checksum = "8a65b3f4ffa0092e9887669db0eae07941f023991ab58ea44da8fe8e2d511c6b"
dependencies = [
 "proc-macro2",
 "quote",
 "unicode-xid",
]

[[package]]
name = "unicode-xid"
version = "0.2.2"
source = "registry+https://github.com/rust-lang/crates.io-index"
checksum = "8ccb82d61f80a663efe1f787a51b16b5a51e3314d6ac365b08639f52387b33f3"

[[package]]
name = "xtask"
version = "0.0.0"
dependencies = [
 "base64",
 "lazy_static",
 "maulingmonkey-windows-sdk-scanner",
 "mmrbi 0.0.19",
 "proc-macro2",
 "rustc-demangle",
 "syn",
]
